// !$*UTF8*$!
{
	archiveVersion = 1;
	classes = {
	};
	objectVersion = 77;
	objects = {

/* Begin PBXBuildFile section */
		264567EA2CF2503E0003AFFE /* Preview Assets.xcassets in Resources */ = {isa = PBXBuildFile; fileRef = 264567E42CF2503E0003AFFE /* Preview Assets.xcassets */; };
		264567EB2CF2503E0003AFFE /* Assets.xcassets in Resources */ = {isa = PBXBuildFile; fileRef = 264567E62CF2503E0003AFFE /* Assets.xcassets */; };
		264567EC2CF2503E0003AFFE /* addTaskScreen.swift in Sources */ = {isa = PBXBuildFile; fileRef = 264567E72CF2503E0003AFFE /* addTaskScreen.swift */; };
		264567ED2CF2503E0003AFFE /* TaskTimeApp_SwiftUI_SwiftData_InteractiveWidgetsApp.swift in Sources */ = {isa = PBXBuildFile; fileRef = 264567E82CF2503E0003AFFE /* TaskTimeApp_SwiftUI_SwiftData_InteractiveWidgetsApp.swift */; };
		264567F22CF252EE0003AFFE /* TaskTime.swift in Sources */ = {isa = PBXBuildFile; fileRef = 264567F12CF252EE0003AFFE /* TaskTime.swift */; };
		264567FF2CF2600F0003AFFE /* ListScreen.swift in Sources */ = {isa = PBXBuildFile; fileRef = 264567FE2CF2600F0003AFFE /* ListScreen.swift */; };
		264568012CF260370003AFFE /* TaskListView.swift in Sources */ = {isa = PBXBuildFile; fileRef = 264568002CF260370003AFFE /* TaskListView.swift */; };
		264568032CF2691A0003AFFE /* TaskTimeDetailScreen.swift in Sources */ = {isa = PBXBuildFile; fileRef = 264568022CF2691A0003AFFE /* TaskTimeDetailScreen.swift */; };
		26FE783C2CF7D6A700E6BED4 /* WidgetKit.framework in Frameworks */ = {isa = PBXBuildFile; fileRef = 26FE783B2CF7D6A700E6BED4 /* WidgetKit.framework */; };
		26FE783E2CF7D6A700E6BED4 /* SwiftUI.framework in Frameworks */ = {isa = PBXBuildFile; fileRef = 26FE783D2CF7D6A700E6BED4 /* SwiftUI.framework */; };
		26FE78492CF7D6A900E6BED4 /* TaskTimeWidgetExtension.appex in Embed Foundation Extensions */ = {isa = PBXBuildFile; fileRef = 26FE78392CF7D6A700E6BED4 /* TaskTimeWidgetExtension.appex */; settings = {ATTRIBUTES = (RemoveHeadersOnCopy, ); }; };
		26FE784F2CF7D98900E6BED4 /* TaskTime.swift in Sources */ = {isa = PBXBuildFile; fileRef = 264567F12CF252EE0003AFFE /* TaskTime.swift */; };
/* End PBXBuildFile section */

/* Begin PBXContainerItemProxy section */
		26FE78472CF7D6A900E6BED4 /* PBXContainerItemProxy */ = {
			isa = PBXContainerItemProxy;
			containerPortal = 264567CB2CF250320003AFFE /* Project object */;
			proxyType = 1;
			remoteGlobalIDString = 26FE78382CF7D6A700E6BED4;
			remoteInfo = TaskTimeWidgetExtension;
		};
/* End PBXContainerItemProxy section */

/* Begin PBXCopyFilesBuildPhase section */
		26FE784A2CF7D6A900E6BED4 /* Embed Foundation Extensions */ = {
			isa = PBXCopyFilesBuildPhase;
			buildActionMask = 2147483647;
			dstPath = "";
			dstSubfolderSpec = 13;
			files = (
				26FE78492CF7D6A900E6BED4 /* TaskTimeWidgetExtension.appex in Embed Foundation Extensions */,
			);
			name = "Embed Foundation Extensions";
			runOnlyForDeploymentPostprocessing = 0;
		};
/* End PBXCopyFilesBuildPhase section */

/* Begin PBXFileReference section */
		264567D32CF250320003AFFE /* TaskTimeApp_SwiftUI_SwiftData_InteractiveWidgets.app */ = {isa = PBXFileReference; explicitFileType = wrapper.application; includeInIndex = 0; path = TaskTimeApp_SwiftUI_SwiftData_InteractiveWidgets.app; sourceTree = BUILT_PRODUCTS_DIR; };
		264567E42CF2503E0003AFFE /* Preview Assets.xcassets */ = {isa = PBXFileReference; lastKnownFileType = folder.assetcatalog; path = "Preview Assets.xcassets"; sourceTree = "<group>"; };
		264567E62CF2503E0003AFFE /* Assets.xcassets */ = {isa = PBXFileReference; lastKnownFileType = folder.assetcatalog; path = Assets.xcassets; sourceTree = "<group>"; };
		264567E72CF2503E0003AFFE /* addTaskScreen.swift */ = {isa = PBXFileReference; lastKnownFileType = sourcecode.swift; path = addTaskScreen.swift; sourceTree = "<group>"; };
		264567E82CF2503E0003AFFE /* TaskTimeApp_SwiftUI_SwiftData_InteractiveWidgetsApp.swift */ = {isa = PBXFileReference; lastKnownFileType = sourcecode.swift; path = TaskTimeApp_SwiftUI_SwiftData_InteractiveWidgetsApp.swift; sourceTree = "<group>"; };
		264567F12CF252EE0003AFFE /* TaskTime.swift */ = {isa = PBXFileReference; lastKnownFileType = sourcecode.swift; path = TaskTime.swift; sourceTree = "<group>"; };
		264567FE2CF2600F0003AFFE /* ListScreen.swift */ = {isa = PBXFileReference; lastKnownFileType = sourcecode.swift; path = ListScreen.swift; sourceTree = "<group>"; };
		264568002CF260370003AFFE /* TaskListView.swift */ = {isa = PBXFileReference; lastKnownFileType = sourcecode.swift; path = TaskListView.swift; sourceTree = "<group>"; };
		264568022CF2691A0003AFFE /* TaskTimeDetailScreen.swift */ = {isa = PBXFileReference; lastKnownFileType = sourcecode.swift; path = TaskTimeDetailScreen.swift; sourceTree = "<group>"; };
		26FE78392CF7D6A700E6BED4 /* TaskTimeWidgetExtension.appex */ = {isa = PBXFileReference; explicitFileType = "wrapper.app-extension"; includeInIndex = 0; path = TaskTimeWidgetExtension.appex; sourceTree = BUILT_PRODUCTS_DIR; };
		26FE783B2CF7D6A700E6BED4 /* WidgetKit.framework */ = {isa = PBXFileReference; lastKnownFileType = wrapper.framework; name = WidgetKit.framework; path = System/Library/Frameworks/WidgetKit.framework; sourceTree = SDKROOT; };
		26FE783D2CF7D6A700E6BED4 /* SwiftUI.framework */ = {isa = PBXFileReference; lastKnownFileType = wrapper.framework; name = SwiftUI.framework; path = System/Library/Frameworks/SwiftUI.framework; sourceTree = SDKROOT; };
/* End PBXFileReference section */

/* Begin PBXFileSystemSynchronizedBuildFileExceptionSet section */
		26FE784D2CF7D6A900E6BED4 /* Exceptions for "TaskTimeWidget" folder in "TaskTimeWidgetExtension" target */ = {
			isa = PBXFileSystemSynchronizedBuildFileExceptionSet;
			membershipExceptions = (
				Info.plist,
			);
			target = 26FE78382CF7D6A700E6BED4 /* TaskTimeWidgetExtension */;
		};
/* End PBXFileSystemSynchronizedBuildFileExceptionSet section */

/* Begin PBXFileSystemSynchronizedRootGroup section */
		26FE783F2CF7D6A700E6BED4 /* TaskTimeWidget */ = {
			isa = PBXFileSystemSynchronizedRootGroup;
			exceptions = (
				26FE784D2CF7D6A900E6BED4 /* Exceptions for "TaskTimeWidget" folder in "TaskTimeWidgetExtension" target */,
			);
			path = TaskTimeWidget;
			sourceTree = "<group>";
		};
/* End PBXFileSystemSynchronizedRootGroup section */

/* Begin PBXFrameworksBuildPhase section */
		264567D02CF250320003AFFE /* Frameworks */ = {
			isa = PBXFrameworksBuildPhase;
			buildActionMask = 2147483647;
			files = (
			);
			runOnlyForDeploymentPostprocessing = 0;
		};
		26FE78362CF7D6A700E6BED4 /* Frameworks */ = {
			isa = PBXFrameworksBuildPhase;
			buildActionMask = 2147483647;
			files = (
				26FE783E2CF7D6A700E6BED4 /* SwiftUI.framework in Frameworks */,
				26FE783C2CF7D6A700E6BED4 /* WidgetKit.framework in Frameworks */,
			);
			runOnlyForDeploymentPostprocessing = 0;
		};
/* End PBXFrameworksBuildPhase section */

/* Begin PBXGroup section */
		264567CA2CF250320003AFFE = {
			isa = PBXGroup;
			children = (
				264567E92CF2503E0003AFFE /* TaskTimeApp_SwiftUI_SwiftData_InteractiveWidgets */,
				26FE783F2CF7D6A700E6BED4 /* TaskTimeWidget */,
				26FE783A2CF7D6A700E6BED4 /* Frameworks */,
				264567D42CF250320003AFFE /* Products */,
			);
			sourceTree = "<group>";
		};
		264567D42CF250320003AFFE /* Products */ = {
			isa = PBXGroup;
			children = (
				264567D32CF250320003AFFE /* TaskTimeApp_SwiftUI_SwiftData_InteractiveWidgets.app */,
				26FE78392CF7D6A700E6BED4 /* TaskTimeWidgetExtension.appex */,
			);
			name = Products;
			sourceTree = "<group>";
		};
		264567E52CF2503E0003AFFE /* Preview Content */ = {
			isa = PBXGroup;
			children = (
				264567E42CF2503E0003AFFE /* Preview Assets.xcassets */,
			);
			path = "Preview Content";
			sourceTree = "<group>";
		};
		264567E92CF2503E0003AFFE /* TaskTimeApp_SwiftUI_SwiftData_InteractiveWidgets */ = {
			isa = PBXGroup;
			children = (
				264567F02CF2529D0003AFFE /* View */,
				264567EF2CF252960003AFFE /* Screen */,
				264567EE2CF252830003AFFE /* Model */,
				264567E52CF2503E0003AFFE /* Preview Content */,
				264567E62CF2503E0003AFFE /* Assets.xcassets */,
				264567E82CF2503E0003AFFE /* TaskTimeApp_SwiftUI_SwiftData_InteractiveWidgetsApp.swift */,
			);
			path = TaskTimeApp_SwiftUI_SwiftData_InteractiveWidgets;
			sourceTree = "<group>";
		};
		264567EE2CF252830003AFFE /* Model */ = {
			isa = PBXGroup;
			children = (
				264567F12CF252EE0003AFFE /* TaskTime.swift */,
			);
			path = Model;
			sourceTree = "<group>";
		};
		264567EF2CF252960003AFFE /* Screen */ = {
			isa = PBXGroup;
			children = (
				264567E72CF2503E0003AFFE /* addTaskScreen.swift */,
				264567FE2CF2600F0003AFFE /* ListScreen.swift */,
				264568022CF2691A0003AFFE /* TaskTimeDetailScreen.swift */,
			);
			path = Screen;
			sourceTree = "<group>";
		};
		264567F02CF2529D0003AFFE /* View */ = {
			isa = PBXGroup;
			children = (
				264568002CF260370003AFFE /* TaskListView.swift */,
			);
			path = View;
			sourceTree = "<group>";
		};
		26FE783A2CF7D6A700E6BED4 /* Frameworks */ = {
			isa = PBXGroup;
			children = (
				26FE783B2CF7D6A700E6BED4 /* WidgetKit.framework */,
				26FE783D2CF7D6A700E6BED4 /* SwiftUI.framework */,
			);
			name = Frameworks;
			sourceTree = "<group>";
		};
/* End PBXGroup section */

/* Begin PBXNativeTarget section */
		264567D22CF250320003AFFE /* TaskTimeApp_SwiftUI_SwiftData_InteractiveWidgets */ = {
			isa = PBXNativeTarget;
			buildConfigurationList = 264567E12CF250330003AFFE /* Build configuration list for PBXNativeTarget "TaskTimeApp_SwiftUI_SwiftData_InteractiveWidgets" */;
			buildPhases = (
				264567CF2CF250320003AFFE /* Sources */,
				264567D02CF250320003AFFE /* Frameworks */,
				264567D12CF250320003AFFE /* Resources */,
				26FE784A2CF7D6A900E6BED4 /* Embed Foundation Extensions */,
			);
			buildRules = (
			);
			dependencies = (
				26FE78482CF7D6A900E6BED4 /* PBXTargetDependency */,
			);
			name = TaskTimeApp_SwiftUI_SwiftData_InteractiveWidgets;
			packageProductDependencies = (
			);
			productName = TaskTimeApp_SwiftUI_SwiftData_InteractiveWidgets;
			productReference = 264567D32CF250320003AFFE /* TaskTimeApp_SwiftUI_SwiftData_InteractiveWidgets.app */;
			productType = "com.apple.product-type.application";
		};
		26FE78382CF7D6A700E6BED4 /* TaskTimeWidgetExtension */ = {
			isa = PBXNativeTarget;
			buildConfigurationList = 26FE784E2CF7D6A900E6BED4 /* Build configuration list for PBXNativeTarget "TaskTimeWidgetExtension" */;
			buildPhases = (
				26FE78352CF7D6A700E6BED4 /* Sources */,
				26FE78362CF7D6A700E6BED4 /* Frameworks */,
				26FE78372CF7D6A700E6BED4 /* Resources */,
			);
			buildRules = (
			);
			dependencies = (
			);
			fileSystemSynchronizedGroups = (
				26FE783F2CF7D6A700E6BED4 /* TaskTimeWidget */,
			);
			name = TaskTimeWidgetExtension;
			packageProductDependencies = (
			);
			productName = TaskTimeWidgetExtension;
			productReference = 26FE78392CF7D6A700E6BED4 /* TaskTimeWidgetExtension.appex */;
			productType = "com.apple.product-type.app-extension";
		};
/* End PBXNativeTarget section */

/* Begin PBXProject section */
		264567CB2CF250320003AFFE /* Project object */ = {
			isa = PBXProject;
			attributes = {
				BuildIndependentTargetsInParallel = 1;
				LastSwiftUpdateCheck = 1600;
				LastUpgradeCheck = 1600;
				TargetAttributes = {
					264567D22CF250320003AFFE = {
						CreatedOnToolsVersion = 16.0;
					};
					26FE78382CF7D6A700E6BED4 = {
						CreatedOnToolsVersion = 16.0;
					};
				};
			};
			buildConfigurationList = 264567CE2CF250320003AFFE /* Build configuration list for PBXProject "TaskTimeApp_SwiftUI_SwiftData_InteractiveWidgets" */;
			developmentRegion = en;
			hasScannedForEncodings = 0;
			knownRegions = (
				en,
				Base,
			);
			mainGroup = 264567CA2CF250320003AFFE;
			minimizedProjectReferenceProxies = 1;
			preferredProjectObjectVersion = 77;
			productRefGroup = 264567D42CF250320003AFFE /* Products */;
			projectDirPath = "";
			projectRoot = "";
			targets = (
				264567D22CF250320003AFFE /* TaskTimeApp_SwiftUI_SwiftData_InteractiveWidgets */,
				26FE78382CF7D6A700E6BED4 /* TaskTimeWidgetExtension */,
			);
		};
/* End PBXProject section */

/* Begin PBXResourcesBuildPhase section */
		264567D12CF250320003AFFE /* Resources */ = {
			isa = PBXResourcesBuildPhase;
			buildActionMask = 2147483647;
			files = (
				264567EA2CF2503E0003AFFE /* Preview Assets.xcassets in Resources */,
				264567EB2CF2503E0003AFFE /* Assets.xcassets in Resources */,
			);
			runOnlyForDeploymentPostprocessing = 0;
		};
		26FE78372CF7D6A700E6BED4 /* Resources */ = {
			isa = PBXResourcesBuildPhase;
			buildActionMask = 2147483647;
			files = (
			);
			runOnlyForDeploymentPostprocessing = 0;
		};
/* End PBXResourcesBuildPhase section */

/* Begin PBXSourcesBuildPhase section */
		264567CF2CF250320003AFFE /* Sources */ = {
			isa = PBXSourcesBuildPhase;
			buildActionMask = 2147483647;
			files = (
				264568032CF2691A0003AFFE /* TaskTimeDetailScreen.swift in Sources */,
				264567EC2CF2503E0003AFFE /* addTaskScreen.swift in Sources */,
				264567F22CF252EE0003AFFE /* TaskTime.swift in Sources */,
				264568012CF260370003AFFE /* TaskListView.swift in Sources */,
				264567ED2CF2503E0003AFFE /* TaskTimeApp_SwiftUI_SwiftData_InteractiveWidgetsApp.swift in Sources */,
				264567FF2CF2600F0003AFFE /* ListScreen.swift in Sources */,
			);
			runOnlyForDeploymentPostprocessing = 0;
		};
		26FE78352CF7D6A700E6BED4 /* Sources */ = {
			isa = PBXSourcesBuildPhase;
			buildActionMask = 2147483647;
			files = (
				26FE784F2CF7D98900E6BED4 /* TaskTime.swift in Sources */,
			);
			runOnlyForDeploymentPostprocessing = 0;
		};
/* End PBXSourcesBuildPhase section */

/* Begin PBXTargetDependency section */
		26FE78482CF7D6A900E6BED4 /* PBXTargetDependency */ = {
			isa = PBXTargetDependency;
			target = 26FE78382CF7D6A700E6BED4 /* TaskTimeWidgetExtension */;
			targetProxy = 26FE78472CF7D6A900E6BED4 /* PBXContainerItemProxy */;
		};
/* End PBXTargetDependency section */

/* Begin XCBuildConfiguration section */
		264567DF2CF250330003AFFE /* Debug */ = {
			isa = XCBuildConfiguration;
			buildSettings = {
				ALWAYS_SEARCH_USER_PATHS = NO;
				ASSETCATALOG_COMPILER_GENERATE_SWIFT_ASSET_SYMBOL_EXTENSIONS = YES;
				CLANG_ANALYZER_NONNULL = YES;
				CLANG_ANALYZER_NUMBER_OBJECT_CONVERSION = YES_AGGRESSIVE;
				CLANG_CXX_LANGUAGE_STANDARD = "gnu++20";
				CLANG_ENABLE_MODULES = YES;
				CLANG_ENABLE_OBJC_ARC = YES;
				CLANG_ENABLE_OBJC_WEAK = YES;
				CLANG_WARN_BLOCK_CAPTURE_AUTORELEASING = YES;
				CLANG_WARN_BOOL_CONVERSION = YES;
				CLANG_WARN_COMMA = YES;
				CLANG_WARN_CONSTANT_CONVERSION = YES;
				CLANG_WARN_DEPRECATED_OBJC_IMPLEMENTATIONS = YES;
				CLANG_WARN_DIRECT_OBJC_ISA_USAGE = YES_ERROR;
				CLANG_WARN_DOCUMENTATION_COMMENTS = YES;
				CLANG_WARN_EMPTY_BODY = YES;
				CLANG_WARN_ENUM_CONVERSION = YES;
				CLANG_WARN_INFINITE_RECURSION = YES;
				CLANG_WARN_INT_CONVERSION = YES;
				CLANG_WARN_NON_LITERAL_NULL_CONVERSION = YES;
				CLANG_WARN_OBJC_IMPLICIT_RETAIN_SELF = YES;
				CLANG_WARN_OBJC_LITERAL_CONVERSION = YES;
				CLANG_WARN_OBJC_ROOT_CLASS = YES_ERROR;
				CLANG_WARN_QUOTED_INCLUDE_IN_FRAMEWORK_HEADER = YES;
				CLANG_WARN_RANGE_LOOP_ANALYSIS = YES;
				CLANG_WARN_STRICT_PROTOTYPES = YES;
				CLANG_WARN_SUSPICIOUS_MOVE = YES;
				CLANG_WARN_UNGUARDED_AVAILABILITY = YES_AGGRESSIVE;
				CLANG_WARN_UNREACHABLE_CODE = YES;
				CLANG_WARN__DUPLICATE_METHOD_MATCH = YES;
				COPY_PHASE_STRIP = NO;
				DEBUG_INFORMATION_FORMAT = dwarf;
				ENABLE_STRICT_OBJC_MSGSEND = YES;
				ENABLE_TESTABILITY = YES;
				ENABLE_USER_SCRIPT_SANDBOXING = YES;
				GCC_C_LANGUAGE_STANDARD = gnu17;
				GCC_DYNAMIC_NO_PIC = NO;
				GCC_NO_COMMON_BLOCKS = YES;
				GCC_OPTIMIZATION_LEVEL = 0;
				GCC_PREPROCESSOR_DEFINITIONS = (
					"DEBUG=1",
					"$(inherited)",
				);
				GCC_WARN_64_TO_32_BIT_CONVERSION = YES;
				GCC_WARN_ABOUT_RETURN_TYPE = YES_ERROR;
				GCC_WARN_UNDECLARED_SELECTOR = YES;
				GCC_WARN_UNINITIALIZED_AUTOS = YES_AGGRESSIVE;
				GCC_WARN_UNUSED_FUNCTION = YES;
				GCC_WARN_UNUSED_VARIABLE = YES;
				IPHONEOS_DEPLOYMENT_TARGET = 18.0;
				LOCALIZATION_PREFERS_STRING_CATALOGS = YES;
				MTL_ENABLE_DEBUG_INFO = INCLUDE_SOURCE;
				MTL_FAST_MATH = YES;
				ONLY_ACTIVE_ARCH = YES;
				SDKROOT = iphoneos;
				SWIFT_ACTIVE_COMPILATION_CONDITIONS = "DEBUG $(inherited)";
				SWIFT_OPTIMIZATION_LEVEL = "-Onone";
			};
			name = Debug;
		};
		264567E02CF250330003AFFE /* Release */ = {
			isa = XCBuildConfiguration;
			buildSettings = {
				ALWAYS_SEARCH_USER_PATHS = NO;
				ASSETCATALOG_COMPILER_GENERATE_SWIFT_ASSET_SYMBOL_EXTENSIONS = YES;
				CLANG_ANALYZER_NONNULL = YES;
				CLANG_ANALYZER_NUMBER_OBJECT_CONVERSION = YES_AGGRESSIVE;
				CLANG_CXX_LANGUAGE_STANDARD = "gnu++20";
				CLANG_ENABLE_MODULES = YES;
				CLANG_ENABLE_OBJC_ARC = YES;
				CLANG_ENABLE_OBJC_WEAK = YES;
				CLANG_WARN_BLOCK_CAPTURE_AUTORELEASING = YES;
				CLANG_WARN_BOOL_CONVERSION = YES;
				CLANG_WARN_COMMA = YES;
				CLANG_WARN_CONSTANT_CONVERSION = YES;
				CLANG_WARN_DEPRECATED_OBJC_IMPLEMENTATIONS = YES;
				CLANG_WARN_DIRECT_OBJC_ISA_USAGE = YES_ERROR;
				CLANG_WARN_DOCUMENTATION_COMMENTS = YES;
				CLANG_WARN_EMPTY_BODY = YES;
				CLANG_WARN_ENUM_CONVERSION = YES;
				CLANG_WARN_INFINITE_RECURSION = YES;
				CLANG_WARN_INT_CONVERSION = YES;
				CLANG_WARN_NON_LITERAL_NULL_CONVERSION = YES;
				CLANG_WARN_OBJC_IMPLICIT_RETAIN_SELF = YES;
				CLANG_WARN_OBJC_LITERAL_CONVERSION = YES;
				CLANG_WARN_OBJC_ROOT_CLASS = YES_ERROR;
				CLANG_WARN_QUOTED_INCLUDE_IN_FRAMEWORK_HEADER = YES;
				CLANG_WARN_RANGE_LOOP_ANALYSIS = YES;
				CLANG_WARN_STRICT_PROTOTYPES = YES;
				CLANG_WARN_SUSPICIOUS_MOVE = YES;
				CLANG_WARN_UNGUARDED_AVAILABILITY = YES_AGGRESSIVE;
				CLANG_WARN_UNREACHABLE_CODE = YES;
				CLANG_WARN__DUPLICATE_METHOD_MATCH = YES;
				COPY_PHASE_STRIP = NO;
				DEBUG_INFORMATION_FORMAT = "dwarf-with-dsym";
				ENABLE_NS_ASSERTIONS = NO;
				ENABLE_STRICT_OBJC_MSGSEND = YES;
				ENABLE_USER_SCRIPT_SANDBOXING = YES;
				GCC_C_LANGUAGE_STANDARD = gnu17;
				GCC_NO_COMMON_BLOCKS = YES;
				GCC_WARN_64_TO_32_BIT_CONVERSION = YES;
				GCC_WARN_ABOUT_RETURN_TYPE = YES_ERROR;
				GCC_WARN_UNDECLARED_SELECTOR = YES;
				GCC_WARN_UNINITIALIZED_AUTOS = YES_AGGRESSIVE;
				GCC_WARN_UNUSED_FUNCTION = YES;
				GCC_WARN_UNUSED_VARIABLE = YES;
				IPHONEOS_DEPLOYMENT_TARGET = 18.0;
				LOCALIZATION_PREFERS_STRING_CATALOGS = YES;
				MTL_ENABLE_DEBUG_INFO = NO;
				MTL_FAST_MATH = YES;
				SDKROOT = iphoneos;
				SWIFT_COMPILATION_MODE = wholemodule;
				VALIDATE_PRODUCT = YES;
			};
			name = Release;
		};
		264567E22CF250330003AFFE /* Debug */ = {
			isa = XCBuildConfiguration;
			buildSettings = {
				ASSETCATALOG_COMPILER_APPICON_NAME = AppIcon;
				ASSETCATALOG_COMPILER_GLOBAL_ACCENT_COLOR_NAME = AccentColor;
				CODE_SIGN_STYLE = Automatic;
				CURRENT_PROJECT_VERSION = 1;
				DEVELOPMENT_ASSET_PATHS = "\"TaskTimeApp_SwiftUI_SwiftData_InteractiveWidgets/Preview Content\"";
				DEVELOPMENT_TEAM = 5SALT5UTL2;
				ENABLE_PREVIEWS = YES;
				GENERATE_INFOPLIST_FILE = YES;
				INFOPLIST_KEY_UIApplicationSceneManifest_Generation = YES;
				INFOPLIST_KEY_UIApplicationSupportsIndirectInputEvents = YES;
				INFOPLIST_KEY_UILaunchScreen_Generation = YES;
				INFOPLIST_KEY_UISupportedInterfaceOrientations_iPad = "UIInterfaceOrientationPortrait UIInterfaceOrientationPortraitUpsideDown UIInterfaceOrientationLandscapeLeft UIInterfaceOrientationLandscapeRight";
				INFOPLIST_KEY_UISupportedInterfaceOrientations_iPhone = "UIInterfaceOrientationPortrait UIInterfaceOrientationLandscapeLeft UIInterfaceOrientationLandscapeRight";
				LD_RUNPATH_SEARCH_PATHS = (
					"$(inherited)",
					"@executable_path/Frameworks",
				);
				MARKETING_VERSION = 1.0;
				PRODUCT_BUNDLE_IDENTIFIER = "com.erenelci.TaskTimeApp-SwiftUI-SwiftData-InteractiveWidgets";
				PRODUCT_NAME = "$(TARGET_NAME)";
				SWIFT_EMIT_LOC_STRINGS = YES;
				SWIFT_VERSION = 5.0;
				TARGETED_DEVICE_FAMILY = "1,2";
			};
			name = Debug;
		};
		264567E32CF250330003AFFE /* Release */ = {
			isa = XCBuildConfiguration;
			buildSettings = {
				ASSETCATALOG_COMPILER_APPICON_NAME = AppIcon;
				ASSETCATALOG_COMPILER_GLOBAL_ACCENT_COLOR_NAME = AccentColor;
				CODE_SIGN_STYLE = Automatic;
				CURRENT_PROJECT_VERSION = 1;
				DEVELOPMENT_ASSET_PATHS = "\"TaskTimeApp_SwiftUI_SwiftData_InteractiveWidgets/Preview Content\"";
				DEVELOPMENT_TEAM = 5SALT5UTL2;
				ENABLE_PREVIEWS = YES;
				GENERATE_INFOPLIST_FILE = YES;
				INFOPLIST_KEY_UIApplicationSceneManifest_Generation = YES;
				INFOPLIST_KEY_UIApplicationSupportsIndirectInputEvents = YES;
				INFOPLIST_KEY_UILaunchScreen_Generation = YES;
				INFOPLIST_KEY_UISupportedInterfaceOrientations_iPad = "UIInterfaceOrientationPortrait UIInterfaceOrientationPortraitUpsideDown UIInterfaceOrientationLandscapeLeft UIInterfaceOrientationLandscapeRight";
				INFOPLIST_KEY_UISupportedInterfaceOrientations_iPhone = "UIInterfaceOrientationPortrait UIInterfaceOrientationLandscapeLeft UIInterfaceOrientationLandscapeRight";
				LD_RUNPATH_SEARCH_PATHS = (
					"$(inherited)",
					"@executable_path/Frameworks",
				);
				MARKETING_VERSION = 1.0;
				PRODUCT_BUNDLE_IDENTIFIER = "com.erenelci.TaskTimeApp-SwiftUI-SwiftData-InteractiveWidgets";
				PRODUCT_NAME = "$(TARGET_NAME)";
				SWIFT_EMIT_LOC_STRINGS = YES;
				SWIFT_VERSION = 5.0;
				TARGETED_DEVICE_FAMILY = "1,2";
			};
			name = Release;
		};
		26FE784B2CF7D6A900E6BED4 /* Debug */ = {
			isa = XCBuildConfiguration;
			buildSettings = {
				ASSETCATALOG_COMPILER_GLOBAL_ACCENT_COLOR_NAME = AccentColor;
				ASSETCATALOG_COMPILER_WIDGET_BACKGROUND_COLOR_NAME = WidgetBackground;
				CODE_SIGN_STYLE = Automatic;
				CURRENT_PROJECT_VERSION = 1;
				DEVELOPMENT_TEAM = 5SALT5UTL2;
				GENERATE_INFOPLIST_FILE = YES;
				INFOPLIST_FILE = TaskTimeWidget/Info.plist;
				INFOPLIST_KEY_CFBundleDisplayName = TaskTimeWidget;
				INFOPLIST_KEY_NSHumanReadableCopyright = "";
				LD_RUNPATH_SEARCH_PATHS = (
					"$(inherited)",
					"@executable_path/Frameworks",
					"@executable_path/../../Frameworks",
				);
				MARKETING_VERSION = 1.0;
				PRODUCT_BUNDLE_IDENTIFIER = "com.erenelci.TaskTimeApp-SwiftUI-SwiftData-InteractiveWidgets.TaskTimeWidget";
				PRODUCT_NAME = "$(TARGET_NAME)";
				SKIP_INSTALL = YES;
				SWIFT_EMIT_LOC_STRINGS = YES;
				SWIFT_VERSION = 5.0;
				TARGETED_DEVICE_FAMILY = "1,2";
			};
			name = Debug;
		};
		26FE784C2CF7D6A900E6BED4 /* Release */ = {
			isa = XCBuildConfiguration;
			buildSettings = {
				ASSETCATALOG_COMPILER_GLOBAL_ACCENT_COLOR_NAME = AccentColor;
				ASSETCATALOG_COMPILER_WIDGET_BACKGROUND_COLOR_NAME = WidgetBackground;
				CODE_SIGN_STYLE = Automatic;
				CURRENT_PROJECT_VERSION = 1;
				DEVELOPMENT_TEAM = 5SALT5UTL2;
				GENERATE_INFOPLIST_FILE = YES;
				INFOPLIST_FILE = TaskTimeWidget/Info.plist;
				INFOPLIST_KEY_CFBundleDisplayName = TaskTimeWidget;
				INFOPLIST_KEY_NSHumanReadableCopyright = "";
				LD_RUNPATH_SEARCH_PATHS = (
					"$(inherited)",
					"@executable_path/Frameworks",
					"@executable_path/../../Frameworks",
				);
				MARKETING_VERSION = 1.0;
				PRODUCT_BUNDLE_IDENTIFIER = "com.erenelci.TaskTimeApp-SwiftUI-SwiftData-InteractiveWidgets.TaskTimeWidget";
				PRODUCT_NAME = "$(TARGET_NAME)";
				SKIP_INSTALL = YES;
				SWIFT_EMIT_LOC_STRINGS = YES;
				SWIFT_VERSION = 5.0;
				TARGETED_DEVICE_FAMILY = "1,2";
			};
			name = Release;
		};
/* End XCBuildConfiguration section */

/* Begin XCConfigurationList section */
		264567CE2CF250320003AFFE /* Build configuration list for PBXProject "TaskTimeApp_SwiftUI_SwiftData_InteractiveWidgets" */ = {
			isa = XCConfigurationList;
			buildConfigurations = (
				264567DF2CF250330003AFFE /* Debug */,
				264567E02CF250330003AFFE /* Release */,
			);
			defaultConfigurationIsVisible = 0;
			defaultConfigurationName = Release;
		};
		264567E12CF250330003AFFE /* Build configuration list for PBXNativeTarget "TaskTimeApp_SwiftUI_SwiftData_InteractiveWidgets" */ = {
			isa = XCConfigurationList;
			buildConfigurations = (
				264567E22CF250330003AFFE /* Debug */,
				264567E32CF250330003AFFE /* Release */,
			);
			defaultConfigurationIsVisible = 0;
			defaultConfigurationName = Release;
		};
		26FE784E2CF7D6A900E6BED4 /* Build configuration list for PBXNativeTarget "TaskTimeWidgetExtension" */ = {
			isa = XCConfigurationList;
			buildConfigurations = (
				26FE784B2CF7D6A900E6BED4 /* Debug */,
				26FE784C2CF7D6A900E6BED4 /* Release */,
			);
			defaultConfigurationIsVisible = 0;
			defaultConfigurationName = Release;
		};
/* End XCConfigurationList section */
	};
	rootObject = 264567CB2CF250320003AFFE /* Project object */;
}
